// !$*UTF8*$!
{
	archiveVersion = 1;
	classes = {
	};
	objectVersion = 50;
	objects = {

/* Begin PBXBuildFile section */
		1C85E4E9236BDA410068BA6C /* AVFoundation.framework in Frameworks */ = {isa = PBXBuildFile; fileRef = 1C85E4E8236BDA410068BA6C /* AVFoundation.framework */; };
		1C85E4ED236BDAE40068BA6C /* CoreMedia.framework in Frameworks */ = {isa = PBXBuildFile; fileRef = 1C85E4EC236BDAE40068BA6C /* CoreMedia.framework */; };
		1C85E4F5236C0D570068BA6C /* lookup_kodak_5218_kodak_2395.png in Resources */ = {isa = PBXBuildFile; fileRef = 1C85E4F4236C0D570068BA6C /* lookup_kodak_5218_kodak_2395.png */; };
		1C85E4FD236C46CA0068BA6C /* opencv2.framework in Frameworks */ = {isa = PBXBuildFile; fileRef = 1C85E4FC236C46CA0068BA6C /* opencv2.framework */; };
		1CB3B4222363067A009B82D6 /* AppDelegate.m in Sources */ = {isa = PBXBuildFile; fileRef = 1CB3B4212363067A009B82D6 /* AppDelegate.m */; };
		1CB3B4282363067A009B82D6 /* ViewController.mm in Sources */ = {isa = PBXBuildFile; fileRef = 1CB3B4272363067A009B82D6 /* ViewController.mm */; };
		1CB3B42B2363067A009B82D6 /* Main.storyboard in Resources */ = {isa = PBXBuildFile; fileRef = 1CB3B4292363067A009B82D6 /* Main.storyboard */; };
		1CB3B42D2363067E009B82D6 /* Assets.xcassets in Resources */ = {isa = PBXBuildFile; fileRef = 1CB3B42C2363067E009B82D6 /* Assets.xcassets */; };
		1CB3B4302363067E009B82D6 /* LaunchScreen.storyboard in Resources */ = {isa = PBXBuildFile; fileRef = 1CB3B42E2363067E009B82D6 /* LaunchScreen.storyboard */; };
		1CB3B4332363067E009B82D6 /* main.m in Sources */ = {isa = PBXBuildFile; fileRef = 1CB3B4322363067E009B82D6 /* main.m */; };
		1CB3B444236311BC009B82D6 /* CoreGraphics.framework in Frameworks */ = {isa = PBXBuildFile; fileRef = 1CB3B443236311BC009B82D6 /* CoreGraphics.framework */; };
		1CB3B446236311C3009B82D6 /* Foundation.framework in Frameworks */ = {isa = PBXBuildFile; fileRef = 1CB3B445236311C3009B82D6 /* Foundation.framework */; };
		1CB3B448236311C8009B82D6 /* UIKit.framework in Frameworks */ = {isa = PBXBuildFile; fileRef = 1CB3B447236311C8009B82D6 /* UIKit.framework */; };
		1CF2FCA623BDE4AD00BE7045 /* lookup_vx.png in Resources */ = {isa = PBXBuildFile; fileRef = 1CF2FCA523BDE4AD00BE7045 /* lookup_vx.png */; };
		1CF2FCAB23BDED3B00BE7045 /* MyOGStyleTool.mm in Sources */ = {isa = PBXBuildFile; fileRef = 1CF2FCAA23BDED3B00BE7045 /* MyOGStyleTool.mm */; };
/* End PBXBuildFile section */

/* Begin PBXFileReference section */
		1C85E4E8236BDA410068BA6C /* AVFoundation.framework */ = {isa = PBXFileReference; lastKnownFileType = wrapper.framework; name = AVFoundation.framework; path = System/Library/Frameworks/AVFoundation.framework; sourceTree = SDKROOT; };
		1C85E4EA236BDA820068BA6C /* CoreVideo.framework */ = {isa = PBXFileReference; lastKnownFileType = wrapper.framework; name = CoreVideo.framework; path = System/Library/Frameworks/CoreVideo.framework; sourceTree = SDKROOT; };
		1C85E4EC236BDAE40068BA6C /* CoreMedia.framework */ = {isa = PBXFileReference; lastKnownFileType = wrapper.framework; name = CoreMedia.framework; path = System/Library/Frameworks/CoreMedia.framework; sourceTree = SDKROOT; };
		1C85E4F4236C0D570068BA6C /* lookup_kodak_5218_kodak_2395.png */ = {isa = PBXFileReference; lastKnownFileType = image.png; path = lookup_kodak_5218_kodak_2395.png; sourceTree = "<group>"; };
		1C85E4FC236C46CA0068BA6C /* opencv2.framework */ = {isa = PBXFileReference; lastKnownFileType = wrapper.framework; path = opencv2.framework; sourceTree = "<group>"; };
		1CB3B41D2363067A009B82D6 /* OG_Camera_IOS.app */ = {isa = PBXFileReference; explicitFileType = wrapper.application; includeInIndex = 0; path = OG_Camera_IOS.app; sourceTree = BUILT_PRODUCTS_DIR; };
		1CB3B4202363067A009B82D6 /* AppDelegate.h */ = {isa = PBXFileReference; lastKnownFileType = sourcecode.c.h; path = AppDelegate.h; sourceTree = "<group>"; };
		1CB3B4212363067A009B82D6 /* AppDelegate.m */ = {isa = PBXFileReference; lastKnownFileType = sourcecode.c.objc; path = AppDelegate.m; sourceTree = "<group>"; };
		1CB3B4262363067A009B82D6 /* ViewController.h */ = {isa = PBXFileReference; lastKnownFileType = sourcecode.c.h; path = ViewController.h; sourceTree = "<group>"; };
		1CB3B4272363067A009B82D6 /* ViewController.mm */ = {isa = PBXFileReference; lastKnownFileType = sourcecode.cpp.objcpp; path = ViewController.mm; sourceTree = "<group>"; };
		1CB3B42A2363067A009B82D6 /* Base */ = {isa = PBXFileReference; lastKnownFileType = file.storyboard; name = Base; path = Base.lproj/Main.storyboard; sourceTree = "<group>"; };
		1CB3B42C2363067E009B82D6 /* Assets.xcassets */ = {isa = PBXFileReference; lastKnownFileType = folder.assetcatalog; path = Assets.xcassets; sourceTree = "<group>"; };
		1CB3B42F2363067E009B82D6 /* Base */ = {isa = PBXFileReference; lastKnownFileType = file.storyboard; name = Base; path = Base.lproj/LaunchScreen.storyboard; sourceTree = "<group>"; };
		1CB3B4312363067E009B82D6 /* Info.plist */ = {isa = PBXFileReference; lastKnownFileType = text.plist.xml; path = Info.plist; sourceTree = "<group>"; };
		1CB3B4322363067E009B82D6 /* main.m */ = {isa = PBXFileReference; lastKnownFileType = sourcecode.c.objc; path = main.m; sourceTree = "<group>"; };
		1CB3B43F236308E6009B82D6 /* pre.pch */ = {isa = PBXFileReference; lastKnownFileType = sourcecode.c.h; path = pre.pch; sourceTree = "<group>"; };
		1CB3B443236311BC009B82D6 /* CoreGraphics.framework */ = {isa = PBXFileReference; lastKnownFileType = wrapper.framework; name = CoreGraphics.framework; path = System/Library/Frameworks/CoreGraphics.framework; sourceTree = SDKROOT; };
		1CB3B445236311C3009B82D6 /* Foundation.framework */ = {isa = PBXFileReference; lastKnownFileType = wrapper.framework; name = Foundation.framework; path = System/Library/Frameworks/Foundation.framework; sourceTree = SDKROOT; };
		1CB3B447236311C8009B82D6 /* UIKit.framework */ = {isa = PBXFileReference; lastKnownFileType = wrapper.framework; name = UIKit.framework; path = System/Library/Frameworks/UIKit.framework; sourceTree = SDKROOT; };
		1CF2FCA523BDE4AD00BE7045 /* lookup_vx.png */ = {isa = PBXFileReference; lastKnownFileType = image.png; path = lookup_vx.png; sourceTree = "<group>"; };
		1CF2FCA923BDED3B00BE7045 /* MyOGStyleTool.h */ = {isa = PBXFileReference; lastKnownFileType = sourcecode.c.h; path = MyOGStyleTool.h; sourceTree = "<group>"; };
		1CF2FCAA23BDED3B00BE7045 /* MyOGStyleTool.mm */ = {isa = PBXFileReference; lastKnownFileType = sourcecode.cpp.objcpp; path = MyOGStyleTool.mm; sourceTree = "<group>"; };
/* End PBXFileReference section */

/* Begin PBXFrameworksBuildPhase section */
		1CB3B41A2363067A009B82D6 /* Frameworks */ = {
			isa = PBXFrameworksBuildPhase;
			buildActionMask = 2147483647;
			files = (
				1C85E4FD236C46CA0068BA6C /* opencv2.framework in Frameworks */,
				1C85E4ED236BDAE40068BA6C /* CoreMedia.framework in Frameworks */,
				1C85E4E9236BDA410068BA6C /* AVFoundation.framework in Frameworks */,
				1CB3B448236311C8009B82D6 /* UIKit.framework in Frameworks */,
				1CB3B446236311C3009B82D6 /* Foundation.framework in Frameworks */,
				1CB3B444236311BC009B82D6 /* CoreGraphics.framework in Frameworks */,
			);
			runOnlyForDeploymentPostprocessing = 0;
		};
/* End PBXFrameworksBuildPhase section */

/* Begin PBXGroup section */
		1C85E4EE236C04350068BA6C /* lut */ = {
			isa = PBXGroup;
			children = (
				1CF2FCA523BDE4AD00BE7045 /* lookup_vx.png */,
				1C85E4F4236C0D570068BA6C /* lookup_kodak_5218_kodak_2395.png */,
			);
			path = lut;
			sourceTree = "<group>";
		};
		1CB3B4142363067A009B82D6 = {
			isa = PBXGroup;
			children = (
				1CB3B41F2363067A009B82D6 /* OG_Camera_IOS */,
				1CB3B41E2363067A009B82D6 /* Products */,
				1CB3B442236311BC009B82D6 /* Frameworks */,
			);
			sourceTree = "<group>";
		};
		1CB3B41E2363067A009B82D6 /* Products */ = {
			isa = PBXGroup;
			children = (
				1CB3B41D2363067A009B82D6 /* OG_Camera_IOS.app */,
			);
			name = Products;
			sourceTree = "<group>";
		};
		1CB3B41F2363067A009B82D6 /* OG_Camera_IOS */ = {
			isa = PBXGroup;
			children = (
				1C85E4FC236C46CA0068BA6C /* opencv2.framework */,
				1C85E4EE236C04350068BA6C /* lut */,
				1CF2FCA823BDECF900BE7045 /* MyStyle */,
				1CB3B4202363067A009B82D6 /* AppDelegate.h */,
				1CB3B4212363067A009B82D6 /* AppDelegate.m */,
				1CB3B4262363067A009B82D6 /* ViewController.h */,
				1CB3B4272363067A009B82D6 /* ViewController.mm */,
				1CB3B4292363067A009B82D6 /* Main.storyboard */,
				1CB3B42C2363067E009B82D6 /* Assets.xcassets */,
				1CB3B42E2363067E009B82D6 /* LaunchScreen.storyboard */,
				1CB3B4312363067E009B82D6 /* Info.plist */,
				1CB3B4322363067E009B82D6 /* main.m */,
				1CB3B43F236308E6009B82D6 /* pre.pch */,
			);
			path = OG_Camera_IOS;
			sourceTree = "<group>";
		};
		1CB3B442236311BC009B82D6 /* Frameworks */ = {
			isa = PBXGroup;
			children = (
				1C85E4EC236BDAE40068BA6C /* CoreMedia.framework */,
				1C85E4EA236BDA820068BA6C /* CoreVideo.framework */,
				1C85E4E8236BDA410068BA6C /* AVFoundation.framework */,
				1CB3B447236311C8009B82D6 /* UIKit.framework */,
				1CB3B445236311C3009B82D6 /* Foundation.framework */,
				1CB3B443236311BC009B82D6 /* CoreGraphics.framework */,
			);
			name = Frameworks;
			sourceTree = "<group>";
		};
		1CF2FCA823BDECF900BE7045 /* MyStyle */ = {
			isa = PBXGroup;
			children = (
				1CF2FCA923BDED3B00BE7045 /* MyOGStyleTool.h */,
				1CF2FCAA23BDED3B00BE7045 /* MyOGStyleTool.mm */,
			);
			path = MyStyle;
			sourceTree = "<group>";
		};
/* End PBXGroup section */

/* Begin PBXNativeTarget section */
		1CB3B41C2363067A009B82D6 /* OG_Camera_IOS */ = {
			isa = PBXNativeTarget;
			buildConfigurationList = 1CB3B4362363067E009B82D6 /* Build configuration list for PBXNativeTarget "OG_Camera_IOS" */;
			buildPhases = (
				1CB3B4192363067A009B82D6 /* Sources */,
				1CB3B41A2363067A009B82D6 /* Frameworks */,
				1CB3B41B2363067A009B82D6 /* Resources */,
			);
			buildRules = (
			);
			dependencies = (
			);
			name = OG_Camera_IOS;
			productName = OpenCVIOS;
			productReference = 1CB3B41D2363067A009B82D6 /* OG_Camera_IOS.app */;
			productType = "com.apple.product-type.application";
		};
/* End PBXNativeTarget section */

/* Begin PBXProject section */
		1CB3B4152363067A009B82D6 /* Project object */ = {
			isa = PBXProject;
			attributes = {
				LastUpgradeCheck = 1110;
				ORGANIZATIONNAME = zjj;
				TargetAttributes = {
					1CB3B41C2363067A009B82D6 = {
						CreatedOnToolsVersion = 11.1;
					};
				};
			};
			buildConfigurationList = 1CB3B4182363067A009B82D6 /* Build configuration list for PBXProject "OG_Camera_IOS" */;
			compatibilityVersion = "Xcode 9.3";
			developmentRegion = en;
			hasScannedForEncodings = 0;
			knownRegions = (
				en,
				Base,
			);
			mainGroup = 1CB3B4142363067A009B82D6;
			productRefGroup = 1CB3B41E2363067A009B82D6 /* Products */;
			projectDirPath = "";
			projectRoot = "";
			targets = (
				1CB3B41C2363067A009B82D6 /* OG_Camera_IOS */,
			);
		};
/* End PBXProject section */

/* Begin PBXResourcesBuildPhase section */
		1CB3B41B2363067A009B82D6 /* Resources */ = {
			isa = PBXResourcesBuildPhase;
			buildActionMask = 2147483647;
			files = (
				1CF2FCA623BDE4AD00BE7045 /* lookup_vx.png in Resources */,
				1CB3B4302363067E009B82D6 /* LaunchScreen.storyboard in Resources */,
				1CB3B42D2363067E009B82D6 /* Assets.xcassets in Resources */,
				1CB3B42B2363067A009B82D6 /* Main.storyboard in Resources */,
				1C85E4F5236C0D570068BA6C /* lookup_kodak_5218_kodak_2395.png in Resources */,
			);
			runOnlyForDeploymentPostprocessing = 0;
		};
/* End PBXResourcesBuildPhase section */

/* Begin PBXSourcesBuildPhase section */
		1CB3B4192363067A009B82D6 /* Sources */ = {
			isa = PBXSourcesBuildPhase;
			buildActionMask = 2147483647;
			files = (
				1CB3B4282363067A009B82D6 /* ViewController.mm in Sources */,
				1CF2FCAB23BDED3B00BE7045 /* MyOGStyleTool.mm in Sources */,
				1CB3B4222363067A009B82D6 /* AppDelegate.m in Sources */,
				1CB3B4332363067E009B82D6 /* main.m in Sources */,
			);
			runOnlyForDeploymentPostprocessing = 0;
		};
/* End PBXSourcesBuildPhase section */

/* Begin PBXVariantGroup section */
		1CB3B4292363067A009B82D6 /* Main.storyboard */ = {
			isa = PBXVariantGroup;
			children = (
				1CB3B42A2363067A009B82D6 /* Base */,
			);
			name = Main.storyboard;
			sourceTree = "<group>";
		};
		1CB3B42E2363067E009B82D6 /* LaunchScreen.storyboard */ = {
			isa = PBXVariantGroup;
			children = (
				1CB3B42F2363067E009B82D6 /* Base */,
			);
			name = LaunchScreen.storyboard;
			sourceTree = "<group>";
		};
/* End PBXVariantGroup section */

/* Begin XCBuildConfiguration section */
		1CB3B4342363067E009B82D6 /* Debug */ = {
			isa = XCBuildConfiguration;
			buildSettings = {
				ALWAYS_SEARCH_USER_PATHS = NO;
				CLANG_ANALYZER_NONNULL = YES;
				CLANG_ANALYZER_NUMBER_OBJECT_CONVERSION = YES_AGGRESSIVE;
				CLANG_CXX_LANGUAGE_STANDARD = "gnu++14";
				CLANG_CXX_LIBRARY = "libc++";
				CLANG_ENABLE_MODULES = YES;
				CLANG_ENABLE_OBJC_ARC = YES;
				CLANG_ENABLE_OBJC_WEAK = YES;
				CLANG_WARN_BLOCK_CAPTURE_AUTORELEASING = YES;
				CLANG_WARN_BOOL_CONVERSION = YES;
				CLANG_WARN_COMMA = YES;
				CLANG_WARN_CONSTANT_CONVERSION = YES;
				CLANG_WARN_DEPRECATED_OBJC_IMPLEMENTATIONS = YES;
				CLANG_WARN_DIRECT_OBJC_ISA_USAGE = YES_ERROR;
				CLANG_WARN_DOCUMENTATION_COMMENTS = YES;
				CLANG_WARN_EMPTY_BODY = YES;
				CLANG_WARN_ENUM_CONVERSION = YES;
				CLANG_WARN_INFINITE_RECURSION = YES;
				CLANG_WARN_INT_CONVERSION = YES;
				CLANG_WARN_NON_LITERAL_NULL_CONVERSION = YES;
				CLANG_WARN_OBJC_IMPLICIT_RETAIN_SELF = YES;
				CLANG_WARN_OBJC_LITERAL_CONVERSION = YES;
				CLANG_WARN_OBJC_ROOT_CLASS = YES_ERROR;
				CLANG_WARN_RANGE_LOOP_ANALYSIS = YES;
				CLANG_WARN_STRICT_PROTOTYPES = YES;
				CLANG_WARN_SUSPICIOUS_MOVE = YES;
				CLANG_WARN_UNGUARDED_AVAILABILITY = YES_AGGRESSIVE;
				CLANG_WARN_UNREACHABLE_CODE = YES;
				CLANG_WARN__DUPLICATE_METHOD_MATCH = YES;
				COPY_PHASE_STRIP = NO;
				DEBUG_INFORMATION_FORMAT = dwarf;
				ENABLE_STRICT_OBJC_MSGSEND = YES;
				ENABLE_TESTABILITY = YES;
				GCC_C_LANGUAGE_STANDARD = gnu11;
				GCC_DYNAMIC_NO_PIC = NO;
				GCC_NO_COMMON_BLOCKS = YES;
				GCC_OPTIMIZATION_LEVEL = 0;
				GCC_PREPROCESSOR_DEFINITIONS = (
					"DEBUG=1",
					"$(inherited)",
				);
				GCC_WARN_64_TO_32_BIT_CONVERSION = YES;
				GCC_WARN_ABOUT_RETURN_TYPE = YES_ERROR;
				GCC_WARN_UNDECLARED_SELECTOR = YES;
				GCC_WARN_UNINITIALIZED_AUTOS = YES_AGGRESSIVE;
				GCC_WARN_UNUSED_FUNCTION = YES;
				GCC_WARN_UNUSED_VARIABLE = YES;
				IPHONEOS_DEPLOYMENT_TARGET = 13.1;
				MTL_ENABLE_DEBUG_INFO = INCLUDE_SOURCE;
				MTL_FAST_MATH = YES;
				ONLY_ACTIVE_ARCH = YES;
				SDKROOT = iphoneos;
			};
			name = Debug;
		};
		1CB3B4352363067E009B82D6 /* Release */ = {
			isa = XCBuildConfiguration;
			buildSettings = {
				ALWAYS_SEARCH_USER_PATHS = NO;
				CLANG_ANALYZER_NONNULL = YES;
				CLANG_ANALYZER_NUMBER_OBJECT_CONVERSION = YES_AGGRESSIVE;
				CLANG_CXX_LANGUAGE_STANDARD = "gnu++14";
				CLANG_CXX_LIBRARY = "libc++";
				CLANG_ENABLE_MODULES = YES;
				CLANG_ENABLE_OBJC_ARC = YES;
				CLANG_ENABLE_OBJC_WEAK = YES;
				CLANG_WARN_BLOCK_CAPTURE_AUTORELEASING = YES;
				CLANG_WARN_BOOL_CONVERSION = YES;
				CLANG_WARN_COMMA = YES;
				CLANG_WARN_CONSTANT_CONVERSION = YES;
				CLANG_WARN_DEPRECATED_OBJC_IMPLEMENTATIONS = YES;
				CLANG_WARN_DIRECT_OBJC_ISA_USAGE = YES_ERROR;
				CLANG_WARN_DOCUMENTATION_COMMENTS = YES;
				CLANG_WARN_EMPTY_BODY = YES;
				CLANG_WARN_ENUM_CONVERSION = YES;
				CLANG_WARN_INFINITE_RECURSION = YES;
				CLANG_WARN_INT_CONVERSION = YES;
				CLANG_WARN_NON_LITERAL_NULL_CONVERSION = YES;
				CLANG_WARN_OBJC_IMPLICIT_RETAIN_SELF = YES;
				CLANG_WARN_OBJC_LITERAL_CONVERSION = YES;
				CLANG_WARN_OBJC_ROOT_CLASS = YES_ERROR;
				CLANG_WARN_RANGE_LOOP_ANALYSIS = YES;
				CLANG_WARN_STRICT_PROTOTYPES = YES;
				CLANG_WARN_SUSPICIOUS_MOVE = YES;
				CLANG_WARN_UNGUARDED_AVAILABILITY = YES_AGGRESSIVE;
				CLANG_WARN_UNREACHABLE_CODE = YES;
				CLANG_WARN__DUPLICATE_METHOD_MATCH = YES;
				COPY_PHASE_STRIP = NO;
				DEBUG_INFORMATION_FORMAT = "dwarf-with-dsym";
				ENABLE_NS_ASSERTIONS = NO;
				ENABLE_STRICT_OBJC_MSGSEND = YES;
				GCC_C_LANGUAGE_STANDARD = gnu11;
				GCC_NO_COMMON_BLOCKS = YES;
				GCC_WARN_64_TO_32_BIT_CONVERSION = YES;
				GCC_WARN_ABOUT_RETURN_TYPE = YES_ERROR;
				GCC_WARN_UNDECLARED_SELECTOR = YES;
				GCC_WARN_UNINITIALIZED_AUTOS = YES_AGGRESSIVE;
				GCC_WARN_UNUSED_FUNCTION = YES;
				GCC_WARN_UNUSED_VARIABLE = YES;
				IPHONEOS_DEPLOYMENT_TARGET = 13.1;
				MTL_ENABLE_DEBUG_INFO = NO;
				MTL_FAST_MATH = YES;
				SDKROOT = iphoneos;
				VALIDATE_PRODUCT = YES;
			};
			name = Release;
		};
		1CB3B4372363067E009B82D6 /* Debug */ = {
			isa = XCBuildConfiguration;
			buildSettings = {
				ASSETCATALOG_COMPILER_APPICON_NAME = AppIcon;
				CLANG_WARN_DOCUMENTATION_COMMENTS = NO;
				CODE_SIGN_IDENTITY = "iPhone Developer";
				CODE_SIGN_STYLE = Manual;
				CURRENT_PROJECT_VERSION = 1;
				DEVELOPMENT_TEAM = NW3KV7KHV6;
				FRAMEWORK_SEARCH_PATHS = (
					"$(inherited)",
					"$(PROJECT_DIR)/OG_Camera_IOS",
				);
				GCC_INPUT_FILETYPE = automatic;
				GCC_PREFIX_HEADER = OG_Camera_IOS/pre.pch;
				INFOPLIST_FILE = OG_Camera_IOS/Info.plist;
				IPHONEOS_DEPLOYMENT_TARGET = 11.0;
				LD_RUNPATH_SEARCH_PATHS = (
					"$(inherited)",
					"@executable_path/Frameworks",
				);
				MARKETING_VERSION = 1.0;
				PRODUCT_BUNDLE_IDENTIFIER = alfskdjlsfa.OpenCVIOS;
				PRODUCT_NAME = "$(TARGET_NAME)";
				PROVISIONING_PROFILE_SPECIFIER = DEV_XC_Wild;
				SWIFT_VERSION = 5.0;
				TARGETED_DEVICE_FAMILY = 1;
				VALID_ARCHS = "arm64 arm64e";
			};
			name = Debug;
		};
		1CB3B4382363067E009B82D6 /* Release */ = {
			isa = XCBuildConfiguration;
			buildSettings = {
				ASSETCATALOG_COMPILER_APPICON_NAME = AppIcon;
				CLANG_WARN_DOCUMENTATION_COMMENTS = NO;
				CODE_SIGN_IDENTITY = "iPhone Developer";
				CODE_SIGN_STYLE = Manual;
				CURRENT_PROJECT_VERSION = 1;
				DEVELOPMENT_TEAM = NW3KV7KHV6;
				FRAMEWORK_SEARCH_PATHS = (
					"$(inherited)",
					"$(PROJECT_DIR)/OG_Camera_IOS",
				);
				GCC_INPUT_FILETYPE = automatic;
				GCC_PREFIX_HEADER = OG_Camera_IOS/pre.pch;
				INFOPLIST_FILE = OG_Camera_IOS/Info.plist;
				IPHONEOS_DEPLOYMENT_TARGET = 11.0;
				LD_RUNPATH_SEARCH_PATHS = (
					"$(inherited)",
					"@executable_path/Frameworks",
				);
				MARKETING_VERSION = 1.0;
				PRODUCT_BUNDLE_IDENTIFIER = alfskdjlsfa.OpenCVIOS;
				PRODUCT_NAME = "$(TARGET_NAME)";
				PROVISIONING_PROFILE_SPECIFIER = DEV_XC_Wild;
				SWIFT_VERSION = 5.0;
				TARGETED_DEVICE_FAMILY = 1;
				VALID_ARCHS = "arm64 arm64e";
			};
			name = Release;
		};
/* End XCBuildConfiguration section */

/* Begin XCConfigurationList section */
		1CB3B4182363067A009B82D6 /* Build configuration list for PBXProject "OG_Camera_IOS" */ = {
			isa = XCConfigurationList;
			buildConfigurations = (
				1CB3B4342363067E009B82D6 /* Debug */,
				1CB3B4352363067E009B82D6 /* Release */,
			);
			defaultConfigurationIsVisible = 0;
			defaultConfigurationName = Release;
		};
		1CB3B4362363067E009B82D6 /* Build configuration list for PBXNativeTarget "OG_Camera_IOS" */ = {
			isa = XCConfigurationList;
			buildConfigurations = (
				1CB3B4372363067E009B82D6 /* Debug */,
				1CB3B4382363067E009B82D6 /* Release */,
			);
			defaultConfigurationIsVisible = 0;
			defaultConfigurationName = Release;
		};
/* End XCConfigurationList section */
	};
	rootObject = 1CB3B4152363067A009B82D6 /* Project object */;
}
